// !$*UTF8*$!
{
	archiveVersion = 1;
	classes = {
	};
	objectVersion = 56;
	objects = {

/* Begin PBXBuildFile section */
		80019DAE2B962B2400DC689F /* AppDelegate.swift in Sources */ = {isa = PBXBuildFile; fileRef = 80019DAD2B962B2400DC689F /* AppDelegate.swift */; };
		80019DB02B962B2400DC689F /* SceneDelegate.swift in Sources */ = {isa = PBXBuildFile; fileRef = 80019DAF2B962B2400DC689F /* SceneDelegate.swift */; };
		80019DB82B962B2400DC689F /* FeelTrace.xcdatamodeld in Sources */ = {isa = PBXBuildFile; fileRef = 80019DB62B962B2400DC689F /* FeelTrace.xcdatamodeld */; };
		80019DBA2B962B2800DC689F /* Assets.xcassets in Resources */ = {isa = PBXBuildFile; fileRef = 80019DB92B962B2800DC689F /* Assets.xcassets */; };
		80019DBD2B962B2800DC689F /* LaunchScreen.storyboard in Resources */ = {isa = PBXBuildFile; fileRef = 80019DBB2B962B2800DC689F /* LaunchScreen.storyboard */; };
		80019DC72B962DB100DC689F /* SplashView.swift in Sources */ = {isa = PBXBuildFile; fileRef = 80019DC62B962DB100DC689F /* SplashView.swift */; };
		80019DC92B96306800DC689F /* SplashVC.swift in Sources */ = {isa = PBXBuildFile; fileRef = 80019DC82B96306800DC689F /* SplashVC.swift */; };
		80019DCF2B96316500DC689F /* BaseViewController.swift in Sources */ = {isa = PBXBuildFile; fileRef = 80019DCD2B96315700DC689F /* BaseViewController.swift */; };
		80019DD02B96316500DC689F /* MyColors.swift in Sources */ = {isa = PBXBuildFile; fileRef = 80019DCE2B96315700DC689F /* MyColors.swift */; };
		80019DD42B9638D300DC689F /* OnboardingView.swift in Sources */ = {isa = PBXBuildFile; fileRef = 80019DD32B9638D300DC689F /* OnboardingView.swift */; };
		80019DD72B96399100DC689F /* SnapKit in Frameworks */ = {isa = PBXBuildFile; productRef = 80019DD62B96399100DC689F /* SnapKit */; };
		80019DD92B963DEE00DC689F /* OnboardingVC.swift in Sources */ = {isa = PBXBuildFile; fileRef = 80019DD82B963DEE00DC689F /* OnboardingVC.swift */; };
		80019DDE2B96C41400DC689F /* Font + Extention.swift in Sources */ = {isa = PBXBuildFile; fileRef = 80019DDD2B96C41100DC689F /* Font + Extention.swift */; };
		80019DE22B96C7E800DC689F /* CustomTextFieldView.swift in Sources */ = {isa = PBXBuildFile; fileRef = 80019DE12B96C7E800DC689F /* CustomTextFieldView.swift */; };
		80019DE42B9712C900DC689F /* ProfileButtonView.swift in Sources */ = {isa = PBXBuildFile; fileRef = 80019DE32B9712C900DC689F /* ProfileButtonView.swift */; };
		80019DE72B972F1B00DC689F /* CustomButtonView.swift in Sources */ = {isa = PBXBuildFile; fileRef = 80019DE62B972F1B00DC689F /* CustomButtonView.swift */; };
		80019DE92B97355000DC689F /* CustomPageControlView.swift in Sources */ = {isa = PBXBuildFile; fileRef = 80019DE82B97355000DC689F /* CustomPageControlView.swift */; };
		80019DEB2B978B1900DC689F /* Category.swift in Sources */ = {isa = PBXBuildFile; fileRef = 80019DEA2B978B1900DC689F /* Category.swift */; };
		80019DED2B979B7600DC689F /* TabBarController.swift in Sources */ = {isa = PBXBuildFile; fileRef = 80019DEC2B979A9C00DC689F /* TabBarController.swift */; };
		80019DF02B979E2D00DC689F /* WorkoutsView.swift in Sources */ = {isa = PBXBuildFile; fileRef = 80019DEF2B979E2D00DC689F /* WorkoutsView.swift */; };
		80019DF22B979E3500DC689F /* WorkoutsVC.swift in Sources */ = {isa = PBXBuildFile; fileRef = 80019DF12B979E3500DC689F /* WorkoutsVC.swift */; };
		80019DF42B97A28E00DC689F /* OnboardingData.swift in Sources */ = {isa = PBXBuildFile; fileRef = 80019DF32B97A28E00DC689F /* OnboardingData.swift */; };
		801E1F212BA9ED310081ECAB /* WebViewController.swift in Sources */ = {isa = PBXBuildFile; fileRef = 801E1F202BA9ED310081ECAB /* WebViewController.swift */; };
		802291A62B9B7E4100F6AC79 /* Double + Extension .swift in Sources */ = {isa = PBXBuildFile; fileRef = 802291A52B9B7E4100F6AC79 /* Double + Extension .swift */; };
		802291A92B9B9A5100F6AC79 /* SettingButtonView.swift in Sources */ = {isa = PBXBuildFile; fileRef = 802291A82B9B9A5100F6AC79 /* SettingButtonView.swift */; };
		802291AC2B9BAFA700F6AC79 /* StatsView.swift in Sources */ = {isa = PBXBuildFile; fileRef = 802291AB2B9BAFA700F6AC79 /* StatsView.swift */; };
		802291AE2B9BAFBD00F6AC79 /* StatsVC.swift in Sources */ = {isa = PBXBuildFile; fileRef = 802291AD2B9BAFBD00F6AC79 /* StatsVC.swift */; };
		802291B22B9CC3EC00F6AC79 /* AddStatsView.swift in Sources */ = {isa = PBXBuildFile; fileRef = 802291B12B9CC3EC00F6AC79 /* AddStatsView.swift */; };
		802291B42B9CC40A00F6AC79 /* AddStatsVC.swift in Sources */ = {isa = PBXBuildFile; fileRef = 802291B32B9CC40A00F6AC79 /* AddStatsVC.swift */; };
		802291B72B9CD25600F6AC79 /* MonthCell.swift in Sources */ = {isa = PBXBuildFile; fileRef = 802291B62B9CD25600F6AC79 /* MonthCell.swift */; };
		802291B92B9CD2A800F6AC79 /* StatsCell.swift in Sources */ = {isa = PBXBuildFile; fileRef = 802291B82B9CD2A800F6AC79 /* StatsCell.swift */; };
		803A46562B9DC762001BA072 /* Stats.swift in Sources */ = {isa = PBXBuildFile; fileRef = 803A46552B9DC762001BA072 /* Stats.swift */; };
		8067F65C2B9FE12F00EFA528 /* NotesView.swift in Sources */ = {isa = PBXBuildFile; fileRef = 8067F65A2B9FE12300EFA528 /* NotesView.swift */; };
		8067F65D2B9FE12F00EFA528 /* NotesVC.swift in Sources */ = {isa = PBXBuildFile; fileRef = 8067F65B2B9FE12300EFA528 /* NotesVC.swift */; };
		8067F6602B9FE17900EFA528 /* AddNotesVC.swift in Sources */ = {isa = PBXBuildFile; fileRef = 8067F65F2B9FE17900EFA528 /* AddNotesVC.swift */; };
		8067F6622B9FE19100EFA528 /* AddNotesView.swift in Sources */ = {isa = PBXBuildFile; fileRef = 8067F6612B9FE19100EFA528 /* AddNotesView.swift */; };
		8067F6762BA0D26F00EFA528 /* WorkoutNote+CoreDataProperties.swift in Sources */ = {isa = PBXBuildFile; fileRef = 8067F6742BA0D26F00EFA528 /* WorkoutNote+CoreDataProperties.swift */; };
		8067F6792BA0D79400EFA528 /* NoteCell.swift in Sources */ = {isa = PBXBuildFile; fileRef = 8067F6782BA0D79400EFA528 /* NoteCell.swift */; };
		8067F67C2BA0DB6B00EFA528 /* NoteInfoVC.swift in Sources */ = {isa = PBXBuildFile; fileRef = 8067F67B2BA0DB6B00EFA528 /* NoteInfoVC.swift */; };
		8067F67E2BA0DB7900EFA528 /* NoteInfoView.swift in Sources */ = {isa = PBXBuildFile; fileRef = 8067F67D2BA0DB7900EFA528 /* NoteInfoView.swift */; };
		8067F6812BA0E16700EFA528 /* PostsVC.swift in Sources */ = {isa = PBXBuildFile; fileRef = 8067F6802BA0E16700EFA528 /* PostsVC.swift */; };
		8067F6832BA0E31600EFA528 /* PostView.swift in Sources */ = {isa = PBXBuildFile; fileRef = 8067F6822BA0E31600EFA528 /* PostView.swift */; };
		8067F6862BA0E4AC00EFA528 /* PostCell.swift in Sources */ = {isa = PBXBuildFile; fileRef = 8067F6852BA0E4AC00EFA528 /* PostCell.swift */; };
		8067F6882BA0E64500EFA528 /* Post.swift in Sources */ = {isa = PBXBuildFile; fileRef = 8067F6872BA0E64500EFA528 /* Post.swift */; };
		8067F68C2BA0EB6C00EFA528 /* PostInfoView.swift in Sources */ = {isa = PBXBuildFile; fileRef = 8067F68B2BA0EB6C00EFA528 /* PostInfoView.swift */; };
		8067F68E2BA0EBFB00EFA528 /* PostInfoVC.swift in Sources */ = {isa = PBXBuildFile; fileRef = 8067F68D2BA0EBFB00EFA528 /* PostInfoVC.swift */; };
		806E86BC2B98C6120062BD7A /* WorkoutCell.swift in Sources */ = {isa = PBXBuildFile; fileRef = 806E86BB2B98C6120062BD7A /* WorkoutCell.swift */; };
		806E86C22B98DCDA0062BD7A /* Workout.swift in Sources */ = {isa = PBXBuildFile; fileRef = 806E86C02B98DCDA0062BD7A /* Workout.swift */; };
		806E86C52B98DDA80062BD7A /* CoreDataManager.swift in Sources */ = {isa = PBXBuildFile; fileRef = 806E86C42B98DDA80062BD7A /* CoreDataManager.swift */; };
		806E86CC2B98E32F0062BD7A /* AddWorkoutView.swift in Sources */ = {isa = PBXBuildFile; fileRef = 806E86CB2B98E32F0062BD7A /* AddWorkoutView.swift */; };
		806E86CE2B98EA550062BD7A /* AddWorkoutVC.swift in Sources */ = {isa = PBXBuildFile; fileRef = 806E86CD2B98EA550062BD7A /* AddWorkoutVC.swift */; };
		806E86D12B98EBD20062BD7A /* CustomSliderView.swift in Sources */ = {isa = PBXBuildFile; fileRef = 806E86D02B98EBD20062BD7A /* CustomSliderView.swift */; };
		806E86D32B98F0D50062BD7A /* CircleButtonView.swift in Sources */ = {isa = PBXBuildFile; fileRef = 806E86D22B98F0D50062BD7A /* CircleButtonView.swift */; };
		806E86D52B98FF2C0062BD7A /* Date + Extension.swift in Sources */ = {isa = PBXBuildFile; fileRef = 806E86D42B98FF2C0062BD7A /* Date + Extension.swift */; };
		806E86F82B9A54A70062BD7A /* WorkoutInfoView.swift in Sources */ = {isa = PBXBuildFile; fileRef = 806E86F72B9A54A70062BD7A /* WorkoutInfoView.swift */; };
		806E86FA2B9A54F40062BD7A /* WorkoutInfoVC.swift in Sources */ = {isa = PBXBuildFile; fileRef = 806E86F92B9A54F40062BD7A /* WorkoutInfoVC.swift */; };
		806E86FD2B9A7C1D0062BD7A /* CustomWorkoutProgressView.swift in Sources */ = {isa = PBXBuildFile; fileRef = 806E86FC2B9A7C1D0062BD7A /* CustomWorkoutProgressView.swift */; };
		80F65AF22B97C2C600842272 /* ProfileVC.swift in Sources */ = {isa = PBXBuildFile; fileRef = 80F65AF12B97C2C600842272 /* ProfileVC.swift */; };
		80F65AF42B97C2D600842272 /* ProfileView.swift in Sources */ = {isa = PBXBuildFile; fileRef = 80F65AF32B97C2D600842272 /* ProfileView.swift */; };
/* End PBXBuildFile section */

/* Begin PBXFileReference section */
		80019DAA2B962B2400DC689F /* FeelTrace.app */ = {isa = PBXFileReference; explicitFileType = wrapper.application; includeInIndex = 0; path = FeelTrace.app; sourceTree = BUILT_PRODUCTS_DIR; };
		80019DAD2B962B2400DC689F /* AppDelegate.swift */ = {isa = PBXFileReference; lastKnownFileType = sourcecode.swift; path = AppDelegate.swift; sourceTree = "<group>"; };
		80019DAF2B962B2400DC689F /* SceneDelegate.swift */ = {isa = PBXFileReference; lastKnownFileType = sourcecode.swift; path = SceneDelegate.swift; sourceTree = "<group>"; };
		80019DB72B962B2400DC689F /* FeelTrace.xcdatamodel */ = {isa = PBXFileReference; lastKnownFileType = wrapper.xcdatamodel; path = FeelTrace.xcdatamodel; sourceTree = "<group>"; };
		80019DB92B962B2800DC689F /* Assets.xcassets */ = {isa = PBXFileReference; lastKnownFileType = folder.assetcatalog; path = Assets.xcassets; sourceTree = "<group>"; };
		80019DBC2B962B2800DC689F /* Base */ = {isa = PBXFileReference; lastKnownFileType = file.storyboard; name = Base; path = Base.lproj/LaunchScreen.storyboard; sourceTree = "<group>"; };
		80019DBE2B962B2800DC689F /* Info.plist */ = {isa = PBXFileReference; lastKnownFileType = text.plist.xml; path = Info.plist; sourceTree = "<group>"; };
		80019DC62B962DB100DC689F /* SplashView.swift */ = {isa = PBXFileReference; lastKnownFileType = sourcecode.swift; path = SplashView.swift; sourceTree = "<group>"; };
		80019DC82B96306800DC689F /* SplashVC.swift */ = {isa = PBXFileReference; lastKnownFileType = sourcecode.swift; path = SplashVC.swift; sourceTree = "<group>"; };
		80019DCD2B96315700DC689F /* BaseViewController.swift */ = {isa = PBXFileReference; lastKnownFileType = sourcecode.swift; path = BaseViewController.swift; sourceTree = "<group>"; };
		80019DCE2B96315700DC689F /* MyColors.swift */ = {isa = PBXFileReference; lastKnownFileType = sourcecode.swift; path = MyColors.swift; sourceTree = "<group>"; };
		80019DD32B9638D300DC689F /* OnboardingView.swift */ = {isa = PBXFileReference; lastKnownFileType = sourcecode.swift; path = OnboardingView.swift; sourceTree = "<group>"; };
		80019DD82B963DEE00DC689F /* OnboardingVC.swift */ = {isa = PBXFileReference; lastKnownFileType = sourcecode.swift; path = OnboardingVC.swift; sourceTree = "<group>"; };
		80019DDD2B96C41100DC689F /* Font + Extention.swift */ = {isa = PBXFileReference; lastKnownFileType = sourcecode.swift; path = "Font + Extention.swift"; sourceTree = "<group>"; };
		80019DE12B96C7E800DC689F /* CustomTextFieldView.swift */ = {isa = PBXFileReference; lastKnownFileType = sourcecode.swift; path = CustomTextFieldView.swift; sourceTree = "<group>"; };
		80019DE32B9712C900DC689F /* ProfileButtonView.swift */ = {isa = PBXFileReference; lastKnownFileType = sourcecode.swift; path = ProfileButtonView.swift; sourceTree = "<group>"; };
		80019DE62B972F1B00DC689F /* CustomButtonView.swift */ = {isa = PBXFileReference; lastKnownFileType = sourcecode.swift; path = CustomButtonView.swift; sourceTree = "<group>"; };
		80019DE82B97355000DC689F /* CustomPageControlView.swift */ = {isa = PBXFileReference; lastKnownFileType = sourcecode.swift; path = CustomPageControlView.swift; sourceTree = "<group>"; };
		80019DEA2B978B1900DC689F /* Category.swift */ = {isa = PBXFileReference; lastKnownFileType = sourcecode.swift; path = Category.swift; sourceTree = "<group>"; };
		80019DEC2B979A9C00DC689F /* TabBarController.swift */ = {isa = PBXFileReference; lastKnownFileType = sourcecode.swift; path = TabBarController.swift; sourceTree = "<group>"; };
		80019DEF2B979E2D00DC689F /* WorkoutsView.swift */ = {isa = PBXFileReference; lastKnownFileType = sourcecode.swift; path = WorkoutsView.swift; sourceTree = "<group>"; };
		80019DF12B979E3500DC689F /* WorkoutsVC.swift */ = {isa = PBXFileReference; lastKnownFileType = sourcecode.swift; path = WorkoutsVC.swift; sourceTree = "<group>"; };
		80019DF32B97A28E00DC689F /* OnboardingData.swift */ = {isa = PBXFileReference; lastKnownFileType = sourcecode.swift; path = OnboardingData.swift; sourceTree = "<group>"; };
		801E1F202BA9ED310081ECAB /* WebViewController.swift */ = {isa = PBXFileReference; lastKnownFileType = sourcecode.swift; path = WebViewController.swift; sourceTree = "<group>"; };
		802291A52B9B7E4100F6AC79 /* Double + Extension .swift */ = {isa = PBXFileReference; lastKnownFileType = sourcecode.swift; path = "Double + Extension .swift"; sourceTree = "<group>"; };
		802291A82B9B9A5100F6AC79 /* SettingButtonView.swift */ = {isa = PBXFileReference; lastKnownFileType = sourcecode.swift; path = SettingButtonView.swift; sourceTree = "<group>"; };
		802291AB2B9BAFA700F6AC79 /* StatsView.swift */ = {isa = PBXFileReference; lastKnownFileType = sourcecode.swift; path = StatsView.swift; sourceTree = "<group>"; };
		802291AD2B9BAFBD00F6AC79 /* StatsVC.swift */ = {isa = PBXFileReference; lastKnownFileType = sourcecode.swift; path = StatsVC.swift; sourceTree = "<group>"; };
		802291B12B9CC3EC00F6AC79 /* AddStatsView.swift */ = {isa = PBXFileReference; lastKnownFileType = sourcecode.swift; path = AddStatsView.swift; sourceTree = "<group>"; };
		802291B32B9CC40A00F6AC79 /* AddStatsVC.swift */ = {isa = PBXFileReference; lastKnownFileType = sourcecode.swift; path = AddStatsVC.swift; sourceTree = "<group>"; };
		802291B62B9CD25600F6AC79 /* MonthCell.swift */ = {isa = PBXFileReference; lastKnownFileType = sourcecode.swift; path = MonthCell.swift; sourceTree = "<group>"; };
		802291B82B9CD2A800F6AC79 /* StatsCell.swift */ = {isa = PBXFileReference; lastKnownFileType = sourcecode.swift; path = StatsCell.swift; sourceTree = "<group>"; };
		803A46552B9DC762001BA072 /* Stats.swift */ = {isa = PBXFileReference; lastKnownFileType = sourcecode.swift; path = Stats.swift; sourceTree = "<group>"; };
		8067F65A2B9FE12300EFA528 /* NotesView.swift */ = {isa = PBXFileReference; lastKnownFileType = sourcecode.swift; path = NotesView.swift; sourceTree = "<group>"; };
		8067F65B2B9FE12300EFA528 /* NotesVC.swift */ = {isa = PBXFileReference; lastKnownFileType = sourcecode.swift; path = NotesVC.swift; sourceTree = "<group>"; };
		8067F65F2B9FE17900EFA528 /* AddNotesVC.swift */ = {isa = PBXFileReference; lastKnownFileType = sourcecode.swift; path = AddNotesVC.swift; sourceTree = "<group>"; };
		8067F6612B9FE19100EFA528 /* AddNotesView.swift */ = {isa = PBXFileReference; lastKnownFileType = sourcecode.swift; path = AddNotesView.swift; sourceTree = "<group>"; };
		8067F6742BA0D26F00EFA528 /* WorkoutNote+CoreDataProperties.swift */ = {isa = PBXFileReference; lastKnownFileType = sourcecode.swift; path = "WorkoutNote+CoreDataProperties.swift"; sourceTree = "<group>"; };
		8067F6782BA0D79400EFA528 /* NoteCell.swift */ = {isa = PBXFileReference; lastKnownFileType = sourcecode.swift; path = NoteCell.swift; sourceTree = "<group>"; };
		8067F67B2BA0DB6B00EFA528 /* NoteInfoVC.swift */ = {isa = PBXFileReference; lastKnownFileType = sourcecode.swift; path = NoteInfoVC.swift; sourceTree = "<group>"; };
		8067F67D2BA0DB7900EFA528 /* NoteInfoView.swift */ = {isa = PBXFileReference; lastKnownFileType = sourcecode.swift; path = NoteInfoView.swift; sourceTree = "<group>"; };
		8067F6802BA0E16700EFA528 /* PostsVC.swift */ = {isa = PBXFileReference; lastKnownFileType = sourcecode.swift; path = PostsVC.swift; sourceTree = "<group>"; };
		8067F6822BA0E31600EFA528 /* PostView.swift */ = {isa = PBXFileReference; lastKnownFileType = sourcecode.swift; path = PostView.swift; sourceTree = "<group>"; };
		8067F6852BA0E4AC00EFA528 /* PostCell.swift */ = {isa = PBXFileReference; lastKnownFileType = sourcecode.swift; path = PostCell.swift; sourceTree = "<group>"; };
		8067F6872BA0E64500EFA528 /* Post.swift */ = {isa = PBXFileReference; lastKnownFileType = sourcecode.swift; path = Post.swift; sourceTree = "<group>"; };
		8067F68B2BA0EB6C00EFA528 /* PostInfoView.swift */ = {isa = PBXFileReference; lastKnownFileType = sourcecode.swift; path = PostInfoView.swift; sourceTree = "<group>"; };
		8067F68D2BA0EBFB00EFA528 /* PostInfoVC.swift */ = {isa = PBXFileReference; lastKnownFileType = sourcecode.swift; path = PostInfoVC.swift; sourceTree = "<group>"; };
		806E86BB2B98C6120062BD7A /* WorkoutCell.swift */ = {isa = PBXFileReference; lastKnownFileType = sourcecode.swift; path = WorkoutCell.swift; sourceTree = "<group>"; };
		806E86C02B98DCDA0062BD7A /* Workout.swift */ = {isa = PBXFileReference; lastKnownFileType = sourcecode.swift; path = Workout.swift; sourceTree = "<group>"; };
		806E86C42B98DDA80062BD7A /* CoreDataManager.swift */ = {isa = PBXFileReference; lastKnownFileType = sourcecode.swift; path = CoreDataManager.swift; sourceTree = "<group>"; };
		806E86CB2B98E32F0062BD7A /* AddWorkoutView.swift */ = {isa = PBXFileReference; lastKnownFileType = sourcecode.swift; path = AddWorkoutView.swift; sourceTree = "<group>"; };
		806E86CD2B98EA550062BD7A /* AddWorkoutVC.swift */ = {isa = PBXFileReference; lastKnownFileType = sourcecode.swift; path = AddWorkoutVC.swift; sourceTree = "<group>"; };
		806E86D02B98EBD20062BD7A /* CustomSliderView.swift */ = {isa = PBXFileReference; lastKnownFileType = sourcecode.swift; path = CustomSliderView.swift; sourceTree = "<group>"; };
		806E86D22B98F0D50062BD7A /* CircleButtonView.swift */ = {isa = PBXFileReference; lastKnownFileType = sourcecode.swift; path = CircleButtonView.swift; sourceTree = "<group>"; };
		806E86D42B98FF2C0062BD7A /* Date + Extension.swift */ = {isa = PBXFileReference; lastKnownFileType = sourcecode.swift; path = "Date + Extension.swift"; sourceTree = "<group>"; };
		806E86F72B9A54A70062BD7A /* WorkoutInfoView.swift */ = {isa = PBXFileReference; lastKnownFileType = sourcecode.swift; path = WorkoutInfoView.swift; sourceTree = "<group>"; };
		806E86F92B9A54F40062BD7A /* WorkoutInfoVC.swift */ = {isa = PBXFileReference; lastKnownFileType = sourcecode.swift; path = WorkoutInfoVC.swift; sourceTree = "<group>"; };
		806E86FC2B9A7C1D0062BD7A /* CustomWorkoutProgressView.swift */ = {isa = PBXFileReference; lastKnownFileType = sourcecode.swift; path = CustomWorkoutProgressView.swift; sourceTree = "<group>"; };
		80F65AF12B97C2C600842272 /* ProfileVC.swift */ = {isa = PBXFileReference; lastKnownFileType = sourcecode.swift; path = ProfileVC.swift; sourceTree = "<group>"; };
		80F65AF32B97C2D600842272 /* ProfileView.swift */ = {isa = PBXFileReference; lastKnownFileType = sourcecode.swift; path = ProfileView.swift; sourceTree = "<group>"; };
/* End PBXFileReference section */

/* Begin PBXFrameworksBuildPhase section */
		80019DA72B962B2400DC689F /* Frameworks */ = {
			isa = PBXFrameworksBuildPhase;
			buildActionMask = 2147483647;
			files = (
				80019DD72B96399100DC689F /* SnapKit in Frameworks */,
			);
			runOnlyForDeploymentPostprocessing = 0;
		};
/* End PBXFrameworksBuildPhase section */

/* Begin PBXGroup section */
		80019DA12B962B2400DC689F = {
			isa = PBXGroup;
			children = (
				80019DAC2B962B2400DC689F /* FeelTrace */,
				80019DAB2B962B2400DC689F /* Products */,
			);
			sourceTree = "<group>";
		};
		80019DAB2B962B2400DC689F /* Products */ = {
			isa = PBXGroup;
			children = (
				80019DAA2B962B2400DC689F /* FeelTrace.app */,
			);
			name = Products;
			sourceTree = "<group>";
		};
		80019DAC2B962B2400DC689F /* FeelTrace */ = {
			isa = PBXGroup;
			children = (
				80019DC42B962D8800DC689F /* App */,
				80019DC52B962D9C00DC689F /* Code */,
				806E86BD2B98D36F0062BD7A /* Resources */,
			);
			path = FeelTrace;
			sourceTree = "<group>";
		};
		80019DC42B962D8800DC689F /* App */ = {
			isa = PBXGroup;
			children = (
				80019DAD2B962B2400DC689F /* AppDelegate.swift */,
				80019DAF2B962B2400DC689F /* SceneDelegate.swift */,
				80019DBB2B962B2800DC689F /* LaunchScreen.storyboard */,
				80019DBE2B962B2800DC689F /* Info.plist */,
				806E86BE2B98D3B00062BD7A /* DataManager */,
			);
			path = App;
			sourceTree = "<group>";
		};
		80019DC52B962D9C00DC689F /* Code */ = {
			isa = PBXGroup;
			children = (
				806E86D62B98FFCB0062BD7A /* Flow */,
				80019DDC2B96C3BD00DC689F /* SupportFiles */,
			);
			path = Code;
			sourceTree = "<group>";
		};
		80019DD12B96369000DC689F /* Splash */ = {
			isa = PBXGroup;
			children = (
				80019DC62B962DB100DC689F /* SplashView.swift */,
				80019DC82B96306800DC689F /* SplashVC.swift */,
			);
			path = Splash;
			sourceTree = "<group>";
		};
		80019DD22B96369C00DC689F /* Onboarding */ = {
			isa = PBXGroup;
			children = (
				80019DD32B9638D300DC689F /* OnboardingView.swift */,
				80019DD82B963DEE00DC689F /* OnboardingVC.swift */,
				80019DEA2B978B1900DC689F /* Category.swift */,
				80019DF32B97A28E00DC689F /* OnboardingData.swift */,
			);
			path = Onboarding;
			sourceTree = "<group>";
		};
		80019DDC2B96C3BD00DC689F /* SupportFiles */ = {
			isa = PBXGroup;
			children = (
				80019DEC2B979A9C00DC689F /* TabBarController.swift */,
				80019DCD2B96315700DC689F /* BaseViewController.swift */,
				80019DCE2B96315700DC689F /* MyColors.swift */,
				80019DDD2B96C41100DC689F /* Font + Extention.swift */,
				80019DE52B97286100DC689F /* CustomViews */,
				806E86D42B98FF2C0062BD7A /* Date + Extension.swift */,
				802291A52B9B7E4100F6AC79 /* Double + Extension .swift */,
			);
			path = SupportFiles;
			sourceTree = "<group>";
		};
		80019DE52B97286100DC689F /* CustomViews */ = {
			isa = PBXGroup;
			children = (
				80019DE62B972F1B00DC689F /* CustomButtonView.swift */,
				80019DE32B9712C900DC689F /* ProfileButtonView.swift */,
				80019DE12B96C7E800DC689F /* CustomTextFieldView.swift */,
				80019DE82B97355000DC689F /* CustomPageControlView.swift */,
			);
			path = CustomViews;
			sourceTree = "<group>";
		};
		80019DEE2B979E0B00DC689F /* Workouts */ = {
			isa = PBXGroup;
			children = (
				80F65ADD2B97B05A00842272 /* WorkoutsVC */,
				806E86F62B9A54960062BD7A /* WorkoutInfoVC */,
				806E86CA2B98E31E0062BD7A /* AddWorkoutsVC */,
				80F65ADE2B97B06900842272 /* ProfileVC */,
			);
			path = Workouts;
			sourceTree = "<group>";
		};
		802291A72B9B9A4400F6AC79 /* SettingButtonView */ = {
			isa = PBXGroup;
			children = (
				802291A82B9B9A5100F6AC79 /* SettingButtonView.swift */,
			);
			path = SettingButtonView;
			sourceTree = "<group>";
		};
		802291AA2B9BAEEB00F6AC79 /* Statistics */ = {
			isa = PBXGroup;
			children = (
				802291B02B9CC3DD00F6AC79 /* AddStats */,
				802291AF2B9CC3D500F6AC79 /* StatsVC */,
			);
			path = Statistics;
			sourceTree = "<group>";
		};
		802291AF2B9CC3D500F6AC79 /* StatsVC */ = {
			isa = PBXGroup;
			children = (
				802291B52B9CD24400F6AC79 /* Cells */,
				802291AB2B9BAFA700F6AC79 /* StatsView.swift */,
				802291AD2B9BAFBD00F6AC79 /* StatsVC.swift */,
			);
			path = StatsVC;
			sourceTree = "<group>";
		};
		802291B02B9CC3DD00F6AC79 /* AddStats */ = {
			isa = PBXGroup;
			children = (
				802291B12B9CC3EC00F6AC79 /* AddStatsView.swift */,
				802291B32B9CC40A00F6AC79 /* AddStatsVC.swift */,
			);
			path = AddStats;
			sourceTree = "<group>";
		};
		802291B52B9CD24400F6AC79 /* Cells */ = {
			isa = PBXGroup;
			children = (
				802291B62B9CD25600F6AC79 /* MonthCell.swift */,
				802291B82B9CD2A800F6AC79 /* StatsCell.swift */,
			);
			path = Cells;
			sourceTree = "<group>";
		};
		803A465A2B9FDE49001BA072 /* Notes */ = {
			isa = PBXGroup;
			children = (
				8067F67A2BA0DB4A00EFA528 /* NoteInfoVC */,
				8067F65E2B9FE16A00EFA528 /* AddNotesVC */,
				8067F6592B9FE12300EFA528 /* NotesVC  */,
			);
			path = Notes;
			sourceTree = "<group>";
		};
		8067F6592B9FE12300EFA528 /* NotesVC  */ = {
			isa = PBXGroup;
			children = (
				8067F6772BA0D78100EFA528 /* NoteCell */,
				8067F65A2B9FE12300EFA528 /* NotesView.swift */,
				8067F65B2B9FE12300EFA528 /* NotesVC.swift */,
			);
			path = "NotesVC ";
			sourceTree = "<group>";
		};
		8067F65E2B9FE16A00EFA528 /* AddNotesVC */ = {
			isa = PBXGroup;
			children = (
				8067F65F2B9FE17900EFA528 /* AddNotesVC.swift */,
				8067F6612B9FE19100EFA528 /* AddNotesView.swift */,
			);
			path = AddNotesVC;
			sourceTree = "<group>";
		};
		8067F6772BA0D78100EFA528 /* NoteCell */ = {
			isa = PBXGroup;
			children = (
				8067F6782BA0D79400EFA528 /* NoteCell.swift */,
			);
			path = NoteCell;
			sourceTree = "<group>";
		};
		8067F67A2BA0DB4A00EFA528 /* NoteInfoVC */ = {
			isa = PBXGroup;
			children = (
				8067F67B2BA0DB6B00EFA528 /* NoteInfoVC.swift */,
				8067F67D2BA0DB7900EFA528 /* NoteInfoView.swift */,
			);
			path = NoteInfoVC;
			sourceTree = "<group>";
		};
		8067F67F2BA0E15A00EFA528 /* Posts */ = {
			isa = PBXGroup;
			children = (
				8067F68A2BA0EB5F00EFA528 /* PostInfoVC */,
				8067F6892BA0EB5500EFA528 /* PostsVC */,
			);
			path = Posts;
			sourceTree = "<group>";
		};
		8067F6842BA0E4A200EFA528 /* PostCell */ = {
			isa = PBXGroup;
			children = (
				8067F6852BA0E4AC00EFA528 /* PostCell.swift */,
			);
			path = PostCell;
			sourceTree = "<group>";
		};
		8067F6892BA0EB5500EFA528 /* PostsVC */ = {
			isa = PBXGroup;
			children = (
				8067F6842BA0E4A200EFA528 /* PostCell */,
				8067F6802BA0E16700EFA528 /* PostsVC.swift */,
				8067F6822BA0E31600EFA528 /* PostView.swift */,
			);
			path = PostsVC;
			sourceTree = "<group>";
		};
		8067F68A2BA0EB5F00EFA528 /* PostInfoVC */ = {
			isa = PBXGroup;
			children = (
				8067F68B2BA0EB6C00EFA528 /* PostInfoView.swift */,
				8067F68D2BA0EBFB00EFA528 /* PostInfoVC.swift */,
			);
			path = PostInfoVC;
			sourceTree = "<group>";
		};
		806E86BA2B98C5F50062BD7A /* WorkoutCell */ = {
			isa = PBXGroup;
			children = (
				806E86BB2B98C6120062BD7A /* WorkoutCell.swift */,
			);
			path = WorkoutCell;
			sourceTree = "<group>";
		};
		806E86BD2B98D36F0062BD7A /* Resources */ = {
			isa = PBXGroup;
			children = (
				80019DB92B962B2800DC689F /* Assets.xcassets */,
			);
			path = Resources;
			sourceTree = "<group>";
		};
		806E86BE2B98D3B00062BD7A /* DataManager */ = {
			isa = PBXGroup;
			children = (
				806E86C32B98DD9D0062BD7A /* Models */,
				80019DB62B962B2400DC689F /* FeelTrace.xcdatamodeld */,
				806E86C42B98DDA80062BD7A /* CoreDataManager.swift */,
			);
			path = DataManager;
			sourceTree = "<group>";
		};
		806E86C32B98DD9D0062BD7A /* Models */ = {
			isa = PBXGroup;
			children = (
				803A46552B9DC762001BA072 /* Stats.swift */,
				806E86C02B98DCDA0062BD7A /* Workout.swift */,
				8067F6742BA0D26F00EFA528 /* WorkoutNote+CoreDataProperties.swift */,
				8067F6872BA0E64500EFA528 /* Post.swift */,
			);
			path = Models;
			sourceTree = "<group>";
		};
		806E86CA2B98E31E0062BD7A /* AddWorkoutsVC */ = {
			isa = PBXGroup;
			children = (
				806E86CF2B98EBBF0062BD7A /* CustomViews */,
				806E86CB2B98E32F0062BD7A /* AddWorkoutView.swift */,
				806E86CD2B98EA550062BD7A /* AddWorkoutVC.swift */,
			);
			path = AddWorkoutsVC;
			sourceTree = "<group>";
		};
		806E86CF2B98EBBF0062BD7A /* CustomViews */ = {
			isa = PBXGroup;
			children = (
				806E86D02B98EBD20062BD7A /* CustomSliderView.swift */,
				806E86D22B98F0D50062BD7A /* CircleButtonView.swift */,
			);
			path = CustomViews;
			sourceTree = "<group>";
		};
		806E86D62B98FFCB0062BD7A /* Flow */ = {
			isa = PBXGroup;
			children = (
				80019DD12B96369000DC689F /* Splash */,
				80019DD22B96369C00DC689F /* Onboarding */,
				80019DEE2B979E0B00DC689F /* Workouts */,
				802291AA2B9BAEEB00F6AC79 /* Statistics */,
				803A465A2B9FDE49001BA072 /* Notes */,
				8067F67F2BA0E15A00EFA528 /* Posts */,
			);
			path = Flow;
			sourceTree = "<group>";
		};
		806E86F62B9A54960062BD7A /* WorkoutInfoVC */ = {
			isa = PBXGroup;
			children = (
				806E86FB2B9A7BF10062BD7A /* CustomWorkoutProgressView */,
				806E86F72B9A54A70062BD7A /* WorkoutInfoView.swift */,
				806E86F92B9A54F40062BD7A /* WorkoutInfoVC.swift */,
			);
			path = WorkoutInfoVC;
			sourceTree = "<group>";
		};
		806E86FB2B9A7BF10062BD7A /* CustomWorkoutProgressView */ = {
			isa = PBXGroup;
			children = (
				806E86FC2B9A7C1D0062BD7A /* CustomWorkoutProgressView.swift */,
			);
			path = CustomWorkoutProgressView;
			sourceTree = "<group>";
		};
		80F65ADD2B97B05A00842272 /* WorkoutsVC */ = {
			isa = PBXGroup;
			children = (
				806E86BA2B98C5F50062BD7A /* WorkoutCell */,
				80019DEF2B979E2D00DC689F /* WorkoutsView.swift */,
				80019DF12B979E3500DC689F /* WorkoutsVC.swift */,
			);
			path = WorkoutsVC;
			sourceTree = "<group>";
		};
		80F65ADE2B97B06900842272 /* ProfileVC */ = {
			isa = PBXGroup;
			children = (
				802291A72B9B9A4400F6AC79 /* SettingButtonView */,
				80F65AF12B97C2C600842272 /* ProfileVC.swift */,
				80F65AF32B97C2D600842272 /* ProfileView.swift */,
				801E1F202BA9ED310081ECAB /* WebViewController.swift */,
			);
			path = ProfileVC;
			sourceTree = "<group>";
		};
/* End PBXGroup section */

/* Begin PBXNativeTarget section */
		80019DA92B962B2400DC689F /* FeelTrace */ = {
			isa = PBXNativeTarget;
			buildConfigurationList = 80019DC12B962B2800DC689F /* Build configuration list for PBXNativeTarget "FeelTrace" */;
			buildPhases = (
				80019DA62B962B2400DC689F /* Sources */,
				80019DA72B962B2400DC689F /* Frameworks */,
				80019DA82B962B2400DC689F /* Resources */,
			);
			buildRules = (
			);
			dependencies = (
			);
			name = FeelTrace;
			packageProductDependencies = (
				80019DD62B96399100DC689F /* SnapKit */,
			);
			productName = FeelTrace;
			productReference = 80019DAA2B962B2400DC689F /* FeelTrace.app */;
			productType = "com.apple.product-type.application";
		};
/* End PBXNativeTarget section */

/* Begin PBXProject section */
		80019DA22B962B2400DC689F /* Project object */ = {
			isa = PBXProject;
			attributes = {
				BuildIndependentTargetsInParallel = 1;
				LastSwiftUpdateCheck = 1520;
				LastUpgradeCheck = 1520;
				TargetAttributes = {
					80019DA92B962B2400DC689F = {
						CreatedOnToolsVersion = 15.2;
					};
				};
			};
			buildConfigurationList = 80019DA52B962B2400DC689F /* Build configuration list for PBXProject "FeelTrace" */;
			compatibilityVersion = "Xcode 14.0";
			developmentRegion = en;
			hasScannedForEncodings = 0;
			knownRegions = (
				en,
				Base,
			);
			mainGroup = 80019DA12B962B2400DC689F;
			packageReferences = (
				80019DD52B96399100DC689F /* XCRemoteSwiftPackageReference "SnapKit" */,
			);
			productRefGroup = 80019DAB2B962B2400DC689F /* Products */;
			projectDirPath = "";
			projectRoot = "";
			targets = (
				80019DA92B962B2400DC689F /* FeelTrace */,
			);
		};
/* End PBXProject section */

/* Begin PBXResourcesBuildPhase section */
		80019DA82B962B2400DC689F /* Resources */ = {
			isa = PBXResourcesBuildPhase;
			buildActionMask = 2147483647;
			files = (
				80019DBD2B962B2800DC689F /* LaunchScreen.storyboard in Resources */,
				80019DBA2B962B2800DC689F /* Assets.xcassets in Resources */,
			);
			runOnlyForDeploymentPostprocessing = 0;
		};
/* End PBXResourcesBuildPhase section */

/* Begin PBXSourcesBuildPhase section */
		80019DA62B962B2400DC689F /* Sources */ = {
			isa = PBXSourcesBuildPhase;
			buildActionMask = 2147483647;
			files = (
				806E86FD2B9A7C1D0062BD7A /* CustomWorkoutProgressView.swift in Sources */,
				806E86F82B9A54A70062BD7A /* WorkoutInfoView.swift in Sources */,
				80F65AF22B97C2C600842272 /* ProfileVC.swift in Sources */,
				806E86C52B98DDA80062BD7A /* CoreDataManager.swift in Sources */,
				806E86D32B98F0D50062BD7A /* CircleButtonView.swift in Sources */,
				806E86CC2B98E32F0062BD7A /* AddWorkoutView.swift in Sources */,
				80019DB82B962B2400DC689F /* FeelTrace.xcdatamodeld in Sources */,
				8067F6792BA0D79400EFA528 /* NoteCell.swift in Sources */,
				8067F68C2BA0EB6C00EFA528 /* PostInfoView.swift in Sources */,
				80019DED2B979B7600DC689F /* TabBarController.swift in Sources */,
				802291AE2B9BAFBD00F6AC79 /* StatsVC.swift in Sources */,
				8067F67E2BA0DB7900EFA528 /* NoteInfoView.swift in Sources */,
				802291B92B9CD2A800F6AC79 /* StatsCell.swift in Sources */,
				806E86CE2B98EA550062BD7A /* AddWorkoutVC.swift in Sources */,
				80019DF42B97A28E00DC689F /* OnboardingData.swift in Sources */,
				802291A62B9B7E4100F6AC79 /* Double + Extension .swift in Sources */,
				8067F6862BA0E4AC00EFA528 /* PostCell.swift in Sources */,
				80019DD92B963DEE00DC689F /* OnboardingVC.swift in Sources */,
				8067F65C2B9FE12F00EFA528 /* NotesView.swift in Sources */,
				8067F65D2B9FE12F00EFA528 /* NotesVC.swift in Sources */,
				8067F6812BA0E16700EFA528 /* PostsVC.swift in Sources */,
				803A46562B9DC762001BA072 /* Stats.swift in Sources */,
				806E86FA2B9A54F40062BD7A /* WorkoutInfoVC.swift in Sources */,
				8067F6602B9FE17900EFA528 /* AddNotesVC.swift in Sources */,
				802291A92B9B9A5100F6AC79 /* SettingButtonView.swift in Sources */,
				802291B22B9CC3EC00F6AC79 /* AddStatsView.swift in Sources */,
				806E86BC2B98C6120062BD7A /* WorkoutCell.swift in Sources */,
				8067F6882BA0E64500EFA528 /* Post.swift in Sources */,
				80019DE22B96C7E800DC689F /* CustomTextFieldView.swift in Sources */,
				80019DC92B96306800DC689F /* SplashVC.swift in Sources */,
				80019DC72B962DB100DC689F /* SplashView.swift in Sources */,
				8067F6622B9FE19100EFA528 /* AddNotesView.swift in Sources */,
				80019DAE2B962B2400DC689F /* AppDelegate.swift in Sources */,
				802291B72B9CD25600F6AC79 /* MonthCell.swift in Sources */,
				80019DB02B962B2400DC689F /* SceneDelegate.swift in Sources */,
				806E86D12B98EBD20062BD7A /* CustomSliderView.swift in Sources */,
				80019DDE2B96C41400DC689F /* Font + Extention.swift in Sources */,
				80019DEB2B978B1900DC689F /* Category.swift in Sources */,
				80019DF22B979E3500DC689F /* WorkoutsVC.swift in Sources */,
				801E1F212BA9ED310081ECAB /* WebViewController.swift in Sources */,
				80019DD42B9638D300DC689F /* OnboardingView.swift in Sources */,
				80019DD02B96316500DC689F /* MyColors.swift in Sources */,
				802291B42B9CC40A00F6AC79 /* AddStatsVC.swift in Sources */,
				802291AC2B9BAFA700F6AC79 /* StatsView.swift in Sources */,
				8067F67C2BA0DB6B00EFA528 /* NoteInfoVC.swift in Sources */,
				8067F68E2BA0EBFB00EFA528 /* PostInfoVC.swift in Sources */,
				80019DE72B972F1B00DC689F /* CustomButtonView.swift in Sources */,
				806E86C22B98DCDA0062BD7A /* Workout.swift in Sources */,
				8067F6832BA0E31600EFA528 /* PostView.swift in Sources */,
				80019DE42B9712C900DC689F /* ProfileButtonView.swift in Sources */,
				80019DE92B97355000DC689F /* CustomPageControlView.swift in Sources */,
				80019DF02B979E2D00DC689F /* WorkoutsView.swift in Sources */,
				80F65AF42B97C2D600842272 /* ProfileView.swift in Sources */,
				806E86D52B98FF2C0062BD7A /* Date + Extension.swift in Sources */,
				80019DCF2B96316500DC689F /* BaseViewController.swift in Sources */,
				8067F6762BA0D26F00EFA528 /* WorkoutNote+CoreDataProperties.swift in Sources */,
			);
			runOnlyForDeploymentPostprocessing = 0;
		};
/* End PBXSourcesBuildPhase section */

/* Begin PBXVariantGroup section */
		80019DBB2B962B2800DC689F /* LaunchScreen.storyboard */ = {
			isa = PBXVariantGroup;
			children = (
				80019DBC2B962B2800DC689F /* Base */,
			);
			name = LaunchScreen.storyboard;
			sourceTree = "<group>";
		};
/* End PBXVariantGroup section */

/* Begin XCBuildConfiguration section */
		80019DBF2B962B2800DC689F /* Debug */ = {
			isa = XCBuildConfiguration;
			buildSettings = {
				ALWAYS_SEARCH_USER_PATHS = NO;
				ASSETCATALOG_COMPILER_GENERATE_SWIFT_ASSET_SYMBOL_EXTENSIONS = YES;
				CLANG_ANALYZER_NONNULL = YES;
				CLANG_ANALYZER_NUMBER_OBJECT_CONVERSION = YES_AGGRESSIVE;
				CLANG_CXX_LANGUAGE_STANDARD = "gnu++20";
				CLANG_ENABLE_MODULES = YES;
				CLANG_ENABLE_OBJC_ARC = YES;
				CLANG_ENABLE_OBJC_WEAK = YES;
				CLANG_WARN_BLOCK_CAPTURE_AUTORELEASING = YES;
				CLANG_WARN_BOOL_CONVERSION = YES;
				CLANG_WARN_COMMA = YES;
				CLANG_WARN_CONSTANT_CONVERSION = YES;
				CLANG_WARN_DEPRECATED_OBJC_IMPLEMENTATIONS = YES;
				CLANG_WARN_DIRECT_OBJC_ISA_USAGE = YES_ERROR;
				CLANG_WARN_DOCUMENTATION_COMMENTS = YES;
				CLANG_WARN_EMPTY_BODY = YES;
				CLANG_WARN_ENUM_CONVERSION = YES;
				CLANG_WARN_INFINITE_RECURSION = YES;
				CLANG_WARN_INT_CONVERSION = YES;
				CLANG_WARN_NON_LITERAL_NULL_CONVERSION = YES;
				CLANG_WARN_OBJC_IMPLICIT_RETAIN_SELF = YES;
				CLANG_WARN_OBJC_LITERAL_CONVERSION = YES;
				CLANG_WARN_OBJC_ROOT_CLASS = YES_ERROR;
				CLANG_WARN_QUOTED_INCLUDE_IN_FRAMEWORK_HEADER = YES;
				CLANG_WARN_RANGE_LOOP_ANALYSIS = YES;
				CLANG_WARN_STRICT_PROTOTYPES = YES;
				CLANG_WARN_SUSPICIOUS_MOVE = YES;
				CLANG_WARN_UNGUARDED_AVAILABILITY = YES_AGGRESSIVE;
				CLANG_WARN_UNREACHABLE_CODE = YES;
				CLANG_WARN__DUPLICATE_METHOD_MATCH = YES;
				COPY_PHASE_STRIP = NO;
				DEBUG_INFORMATION_FORMAT = dwarf;
				ENABLE_STRICT_OBJC_MSGSEND = YES;
				ENABLE_TESTABILITY = YES;
				ENABLE_USER_SCRIPT_SANDBOXING = YES;
				GCC_C_LANGUAGE_STANDARD = gnu17;
				GCC_DYNAMIC_NO_PIC = NO;
				GCC_NO_COMMON_BLOCKS = YES;
				GCC_OPTIMIZATION_LEVEL = 0;
				GCC_PREPROCESSOR_DEFINITIONS = (
					"DEBUG=1",
					"$(inherited)",
				);
				GCC_WARN_64_TO_32_BIT_CONVERSION = YES;
				GCC_WARN_ABOUT_RETURN_TYPE = YES_ERROR;
				GCC_WARN_UNDECLARED_SELECTOR = YES;
				GCC_WARN_UNINITIALIZED_AUTOS = YES_AGGRESSIVE;
				GCC_WARN_UNUSED_FUNCTION = YES;
				GCC_WARN_UNUSED_VARIABLE = YES;
				IPHONEOS_DEPLOYMENT_TARGET = 15.0;
				LOCALIZATION_PREFERS_STRING_CATALOGS = YES;
				MTL_ENABLE_DEBUG_INFO = INCLUDE_SOURCE;
				MTL_FAST_MATH = YES;
				ONLY_ACTIVE_ARCH = YES;
				SDKROOT = iphoneos;
				SWIFT_ACTIVE_COMPILATION_CONDITIONS = "DEBUG $(inherited)";
				SWIFT_OPTIMIZATION_LEVEL = "-Onone";
			};
			name = Debug;
		};
		80019DC02B962B2800DC689F /* Release */ = {
			isa = XCBuildConfiguration;
			buildSettings = {
				ALWAYS_SEARCH_USER_PATHS = NO;
				ASSETCATALOG_COMPILER_GENERATE_SWIFT_ASSET_SYMBOL_EXTENSIONS = YES;
				CLANG_ANALYZER_NONNULL = YES;
				CLANG_ANALYZER_NUMBER_OBJECT_CONVERSION = YES_AGGRESSIVE;
				CLANG_CXX_LANGUAGE_STANDARD = "gnu++20";
				CLANG_ENABLE_MODULES = YES;
				CLANG_ENABLE_OBJC_ARC = YES;
				CLANG_ENABLE_OBJC_WEAK = YES;
				CLANG_WARN_BLOCK_CAPTURE_AUTORELEASING = YES;
				CLANG_WARN_BOOL_CONVERSION = YES;
				CLANG_WARN_COMMA = YES;
				CLANG_WARN_CONSTANT_CONVERSION = YES;
				CLANG_WARN_DEPRECATED_OBJC_IMPLEMENTATIONS = YES;
				CLANG_WARN_DIRECT_OBJC_ISA_USAGE = YES_ERROR;
				CLANG_WARN_DOCUMENTATION_COMMENTS = YES;
				CLANG_WARN_EMPTY_BODY = YES;
				CLANG_WARN_ENUM_CONVERSION = YES;
				CLANG_WARN_INFINITE_RECURSION = YES;
				CLANG_WARN_INT_CONVERSION = YES;
				CLANG_WARN_NON_LITERAL_NULL_CONVERSION = YES;
				CLANG_WARN_OBJC_IMPLICIT_RETAIN_SELF = YES;
				CLANG_WARN_OBJC_LITERAL_CONVERSION = YES;
				CLANG_WARN_OBJC_ROOT_CLASS = YES_ERROR;
				CLANG_WARN_QUOTED_INCLUDE_IN_FRAMEWORK_HEADER = YES;
				CLANG_WARN_RANGE_LOOP_ANALYSIS = YES;
				CLANG_WARN_STRICT_PROTOTYPES = YES;
				CLANG_WARN_SUSPICIOUS_MOVE = YES;
				CLANG_WARN_UNGUARDED_AVAILABILITY = YES_AGGRESSIVE;
				CLANG_WARN_UNREACHABLE_CODE = YES;
				CLANG_WARN__DUPLICATE_METHOD_MATCH = YES;
				COPY_PHASE_STRIP = NO;
				DEBUG_INFORMATION_FORMAT = "dwarf-with-dsym";
				ENABLE_NS_ASSERTIONS = NO;
				ENABLE_STRICT_OBJC_MSGSEND = YES;
				ENABLE_USER_SCRIPT_SANDBOXING = YES;
				GCC_C_LANGUAGE_STANDARD = gnu17;
				GCC_NO_COMMON_BLOCKS = YES;
				GCC_WARN_64_TO_32_BIT_CONVERSION = YES;
				GCC_WARN_ABOUT_RETURN_TYPE = YES_ERROR;
				GCC_WARN_UNDECLARED_SELECTOR = YES;
				GCC_WARN_UNINITIALIZED_AUTOS = YES_AGGRESSIVE;
				GCC_WARN_UNUSED_FUNCTION = YES;
				GCC_WARN_UNUSED_VARIABLE = YES;
				IPHONEOS_DEPLOYMENT_TARGET = 15.0;
				LOCALIZATION_PREFERS_STRING_CATALOGS = YES;
				MTL_ENABLE_DEBUG_INFO = NO;
				MTL_FAST_MATH = YES;
				SDKROOT = iphoneos;
				SWIFT_COMPILATION_MODE = wholemodule;
				VALIDATE_PRODUCT = YES;
			};
			name = Release;
		};
		80019DC22B962B2800DC689F /* Debug */ = {
			isa = XCBuildConfiguration;
			buildSettings = {
				ASSETCATALOG_COMPILER_APPICON_NAME = AppIcon;
				ASSETCATALOG_COMPILER_GLOBAL_ACCENT_COLOR_NAME = AccentColor;
				CODE_SIGN_STYLE = Automatic;
				CURRENT_PROJECT_VERSION = 2;
				DEVELOPMENT_TEAM = F924RV5TM7;
				GENERATE_INFOPLIST_FILE = YES;
				INFOPLIST_FILE = FeelTrace/App/Info.plist;
				INFOPLIST_KEY_CFBundleDisplayName = "Training Book";
				INFOPLIST_KEY_UIApplicationSupportsIndirectInputEvents = YES;
				INFOPLIST_KEY_UILaunchStoryboardName = LaunchScreen;
				INFOPLIST_KEY_UIMainStoryboardFile = "";
				INFOPLIST_KEY_UISupportedInterfaceOrientations = UIInterfaceOrientationPortrait;
				INFOPLIST_KEY_UISupportedInterfaceOrientations_iPad = "UIInterfaceOrientationLandscapeLeft UIInterfaceOrientationLandscapeRight UIInterfaceOrientationPortrait UIInterfaceOrientationPortraitUpsideDown";
				INFOPLIST_KEY_UIUserInterfaceStyle = Light;
				LD_RUNPATH_SEARCH_PATHS = (
					"$(inherited)",
					"@executable_path/Frameworks",
				);
				MARKETING_VERSION = 1.0;
				PRODUCT_BUNDLE_IDENTIFIER = com.trainingapp.booktrace;
				PRODUCT_NAME = "$(TARGET_NAME)";
				SUPPORTED_PLATFORMS = "iphoneos iphonesimulator";
				SUPPORTS_MACCATALYST = NO;
				SUPPORTS_MAC_DESIGNED_FOR_IPHONE_IPAD = NO;
				SUPPORTS_XR_DESIGNED_FOR_IPHONE_IPAD = NO;
				SWIFT_EMIT_LOC_STRINGS = YES;
				SWIFT_VERSION = 5.0;
				TARGETED_DEVICE_FAMILY = 1;
			};
			name = Debug;
		};
		80019DC32B962B2800DC689F /* Release */ = {
			isa = XCBuildConfiguration;
			buildSettings = {
				ASSETCATALOG_COMPILER_APPICON_NAME = AppIcon;
				ASSETCATALOG_COMPILER_GLOBAL_ACCENT_COLOR_NAME = AccentColor;
				CODE_SIGN_STYLE = Automatic;
				CURRENT_PROJECT_VERSION = 2;
				DEVELOPMENT_TEAM = F924RV5TM7;
				GENERATE_INFOPLIST_FILE = YES;
				INFOPLIST_FILE = FeelTrace/App/Info.plist;
				INFOPLIST_KEY_CFBundleDisplayName = "Training Book";
				INFOPLIST_KEY_UIApplicationSupportsIndirectInputEvents = YES;
				INFOPLIST_KEY_UILaunchStoryboardName = LaunchScreen;
				INFOPLIST_KEY_UIMainStoryboardFile = "";
				INFOPLIST_KEY_UISupportedInterfaceOrientations = UIInterfaceOrientationPortrait;
				INFOPLIST_KEY_UISupportedInterfaceOrientations_iPad = "UIInterfaceOrientationLandscapeLeft UIInterfaceOrientationLandscapeRight UIInterfaceOrientationPortrait UIInterfaceOrientationPortraitUpsideDown";
				INFOPLIST_KEY_UIUserInterfaceStyle = Light;
				LD_RUNPATH_SEARCH_PATHS = (
					"$(inherited)",
					"@executable_path/Frameworks",
				);
				MARKETING_VERSION = 1.0;
				PRODUCT_BUNDLE_IDENTIFIER = com.trainingapp.booktrace;
				PRODUCT_NAME = "$(TARGET_NAME)";
				SUPPORTED_PLATFORMS = "iphoneos iphonesimulator";
				SUPPORTS_MACCATALYST = NO;
				SUPPORTS_MAC_DESIGNED_FOR_IPHONE_IPAD = NO;
				SUPPORTS_XR_DESIGNED_FOR_IPHONE_IPAD = NO;
				SWIFT_EMIT_LOC_STRINGS = YES;
				SWIFT_VERSION = 5.0;
				TARGETED_DEVICE_FAMILY = 1;
			};
			name = Release;
		};
/* End XCBuildConfiguration section */

/* Begin XCConfigurationList section */
		80019DA52B962B2400DC689F /* Build configuration list for PBXProject "FeelTrace" */ = {
			isa = XCConfigurationList;
			buildConfigurations = (
				80019DBF2B962B2800DC689F /* Debug */,
				80019DC02B962B2800DC689F /* Release */,
			);
			defaultConfigurationIsVisible = 0;
			defaultConfigurationName = Release;
		};
		80019DC12B962B2800DC689F /* Build configuration list for PBXNativeTarget "FeelTrace" */ = {
			isa = XCConfigurationList;
			buildConfigurations = (
				80019DC22B962B2800DC689F /* Debug */,
				80019DC32B962B2800DC689F /* Release */,
			);
			defaultConfigurationIsVisible = 0;
			defaultConfigurationName = Release;
		};
/* End XCConfigurationList section */

/* Begin XCRemoteSwiftPackageReference section */
		80019DD52B96399100DC689F /* XCRemoteSwiftPackageReference "SnapKit" */ = {
			isa = XCRemoteSwiftPackageReference;
			repositoryURL = "https://github.com/SnapKit/SnapKit.git";
			requirement = {
				kind = upToNextMajorVersion;
				minimumVersion = 5.7.1;
			};
		};
/* End XCRemoteSwiftPackageReference section */

/* Begin XCSwiftPackageProductDependency section */
		80019DD62B96399100DC689F /* SnapKit */ = {
			isa = XCSwiftPackageProductDependency;
			package = 80019DD52B96399100DC689F /* XCRemoteSwiftPackageReference "SnapKit" */;
			productName = SnapKit;
		};
/* End XCSwiftPackageProductDependency section */

/* Begin XCVersionGroup section */
		80019DB62B962B2400DC689F /* FeelTrace.xcdatamodeld */ = {
			isa = XCVersionGroup;
			children = (
				80019DB72B962B2400DC689F /* FeelTrace.xcdatamodel */,
			);
			currentVersion = 80019DB72B962B2400DC689F /* FeelTrace.xcdatamodel */;
			path = FeelTrace.xcdatamodeld;
			sourceTree = "<group>";
			versionGroupType = wrapper.xcdatamodel;
		};
/* End XCVersionGroup section */
	};
	rootObject = 80019DA22B962B2400DC689F /* Project object */;
}
